PODS:
  - Alamofire (4.0.0)
  - Realm (1.1.0):
    - Realm/Headers (= 1.1.0)
  - Realm/Headers (1.1.0)
  - RealmSwift (1.1.0):
    - Realm (= 1.1.0)
  - SwiftyJSON (3.0.0)

DEPENDENCIES:
  - Alamofire (= 4.0.0)
  - RealmSwift (= 1.1.0)
  - SwiftyJSON (= 3.0.0)

SPEC CHECKSUMS:
  Alamofire: fef59f00388f267e52d9b432aa5d93dc97190f14
  Realm: ceecf1a4540c4ce9efe196fe73fa9855bce05bd8
  RealmSwift: 838058b2db95b12cb86bd0cf209df642c33fb60a
  SwiftyJSON: f57b2b44bc166617372d1c70773591fe9f0f5fd4

PODFILE CHECKSUM: 231f9746e72757f2bfdd13f97256614d85bdf8fc

COCOAPODS: 1.2.0
